
Microsoft Visual Studio Solution File, Format Version 12.00
# Visual Studio Version 17
VisualStudioVersion = 17.2.32526.322
MinimumVisualStudioVersion = 10.0.40219.1
Project("{FAE04EC0-301F-11D3-BF4B-00C04F79EFBC}") = "GradjanskaKulturaHanikah", "GradjanskaKulturaHanikah\GradjanskaKulturaHanikah.csproj", "{EC71F2E5-03C1-419D-96D3-B8DB08FA4AE7}"
EndProject
Global
	GlobalSection(SolutionConfigurationPlatforms) = preSolution
		Debug|Any CPU = Debug|Any CPU
		Release|Any CPU = Release|Any CPU
	EndGlobalSection
	GlobalSection(ProjectConfigurationPlatforms) = postSolution
		{EC71F2E5-03C1-419D-96D3-B8DB08FA4AE7}.Debug|Any CPU.ActiveCfg = Debug|Any CPU
		{EC71F2E5-03C1-419D-96D3-B8DB08FA4AE7}.Debug|Any CPU.Build.0 = Debug|Any CPU
		{EC71F2E5-03C1-419D-96D3-B8DB08FA4AE7}.Release|Any CPU.ActiveCfg = Release|Any CPU
		{EC71F2E5-03C1-419D-96D3-B8DB08FA4AE7}.Release|Any CPU.Build.0 = Release|Any CPU
	EndGlobalSection
	GlobalSection(SolutionProperties) = preSolution
		HideSolutionNode = FALSE
	EndGlobalSection
	GlobalSection(ExtensibilityGlobals) = postSolution
		SolutionGuid = {B092061C-AA1F-49E7-9B0D-8771A7712ECE}
	EndGlobalSection
EndGlobal
